
Microsoft Visual Studio Solution File, Format Version 12.00
# Visual Studio for Mac
Project("{FAE04EC0-301F-11D3-BF4B-00C04F79EFBC}") = "Ver0805-1", "Assembly-CSharp.csproj", "{B11070DE-EA25-245C-4D32-0CC77D6F37DA}"
EndProject
Global
	GlobalSection(SolutionConfigurationPlatforms) = preSolution
		Debug|Any CPU = Debug|Any CPU
		Release|Any CPU = Release|Any CPU
	EndGlobalSection
	GlobalSection(ProjectConfigurationPlatforms) = postSolution
		{B11070DE-EA25-245C-4D32-0CC77D6F37DA}.Debug|Any CPU.ActiveCfg = Debug|Any CPU
		{B11070DE-EA25-245C-4D32-0CC77D6F37DA}.Debug|Any CPU.Build.0 = Debug|Any CPU
		{B11070DE-EA25-245C-4D32-0CC77D6F37DA}.Release|Any CPU.ActiveCfg = Release|Any CPU
		{B11070DE-EA25-245C-4D32-0CC77D6F37DA}.Release|Any CPU.Build.0 = Release|Any CPU
	EndGlobalSection
	GlobalSection(SolutionProperties) = preSolution
		HideSolutionNode = FALSE
	EndGlobalSection
EndGlobal
